
Microsoft Visual Studio Solution File, Format Version 12.00
Project("{FAE04EC0-301F-11D3-BF4B-00C04F79EFBC}") = "AStar", "AStar\AStar.csproj", "{EF59BC7E-2726-41CB-9FAE-97AE64C90135}"
EndProject
Global
	GlobalSection(SolutionConfigurationPlatforms) = preSolution
		Debug|Any CPU = Debug|Any CPU
		Release|Any CPU = Release|Any CPU
	EndGlobalSection
	GlobalSection(ProjectConfigurationPlatforms) = postSolution
		{EF59BC7E-2726-41CB-9FAE-97AE64C90135}.Debug|Any CPU.ActiveCfg = Debug|Any CPU
		{EF59BC7E-2726-41CB-9FAE-97AE64C90135}.Debug|Any CPU.Build.0 = Debug|Any CPU
		{EF59BC7E-2726-41CB-9FAE-97AE64C90135}.Release|Any CPU.ActiveCfg = Release|Any CPU
		{EF59BC7E-2726-41CB-9FAE-97AE64C90135}.Release|Any CPU.Build.0 = Release|Any CPU
	EndGlobalSection
EndGlobal
